{
    "version": 3,
    "terraform_version": "0.11.2",
    "serial": 6,
    "lineage": "10e41810-047b-4d6b-b287-4afcc9007063",
    "modules": [
        {
            "path": [
                "root"
            ],
            "outputs": {},
            "resources": {
                "google_compute_backend_bucket.logstorage": {
                    "type": "google_compute_backend_bucket",
                    "depends_on": [
                        "google_storage_bucket.log_bucket"
                    ],
                    "primary": {
                        "id": "log-storage-bucket",
                        "attributes": {
                            "bucket_name": "log-store-bucket",
                            "description": "Monitoring Node Logs",
                            "enable_cdn": "true",
                            "id": "log-storage-bucket",
                            "name": "log-storage-bucket",
                            "project": "wso2telcoubeexpansion",
                            "self_link": "https://www.googleapis.com/compute/v1/projects/wso2telcoubeexpansion/global/backendBuckets/log-storage-bucket"
                        },
                        "meta": {},
                        "tainted": false
                    },
                    "deposed": [],
                    "provider": "provider.google"
                },
                "google_compute_firewall.bastion": {
                    "type": "google_compute_firewall",
                    "depends_on": [
                        "google_compute_network.platform"
                    ],
                    "primary": {
                        "id": "wso2telcoubeexpansion-bastion",
                        "attributes": {
                            "allow.#": "2",
                            "allow.1367131964.ports.#": "0",
                            "allow.1367131964.protocol": "icmp",
                            "allow.803338340.ports.#": "1",
                            "allow.803338340.ports.0": "22",
                            "allow.803338340.protocol": "tcp",
                            "deny.#": "0",
                            "description": "",
                            "destination_ranges.#": "0",
                            "direction": "INGRESS",
                            "id": "wso2telcoubeexpansion-bastion",
                            "name": "wso2telcoubeexpansion-bastion",
                            "network": "https://www.googleapis.com/compute/v1/projects/wso2telcoubeexpansion/global/networks/wso2telcoubeexpansion",
                            "priority": "1000",
                            "project": "wso2telcoubeexpansion",
                            "self_link": "https://www.googleapis.com/compute/v1/projects/wso2telcoubeexpansion/global/firewalls/wso2telcoubeexpansion-bastion",
                            "source_ranges.#": "1",
                            "source_ranges.1080289494": "0.0.0.0/0",
                            "source_service_accounts.#": "0",
                            "source_tags.#": "0",
                            "target_service_accounts.#": "0",
                            "target_tags.#": "0"
                        },
                        "meta": {
                            "schema_version": "1"
                        },
                        "tainted": false
                    },
                    "deposed": [],
                    "provider": "provider.google"
                },
                "google_compute_firewall.monitoring": {
                    "type": "google_compute_firewall",
                    "depends_on": [
                        "google_compute_network.platform"
                    ],
                    "primary": {
                        "id": "wso2telcoubeexpansion-monitoring",
                        "attributes": {
                            "allow.#": "2",
                            "allow.1367131964.ports.#": "0",
                            "allow.1367131964.protocol": "icmp",
                            "allow.4130254910.ports.#": "7",
                            "allow.4130254910.ports.0": "22",
                            "allow.4130254910.ports.1": "80",
                            "allow.4130254910.ports.2": "443",
                            "allow.4130254910.ports.3": "9200",
                            "allow.4130254910.ports.4": "5043",
                            "allow.4130254910.ports.5": "5601",
                            "allow.4130254910.ports.6": "5666",
                            "allow.4130254910.protocol": "tcp",
                            "deny.#": "0",
                            "description": "",
                            "destination_ranges.#": "0",
                            "direction": "INGRESS",
                            "id": "wso2telcoubeexpansion-monitoring",
                            "name": "wso2telcoubeexpansion-monitoring",
                            "network": "https://www.googleapis.com/compute/v1/projects/wso2telcoubeexpansion/global/networks/wso2telcoubeexpansion",
                            "priority": "1000",
                            "project": "wso2telcoubeexpansion",
                            "self_link": "https://www.googleapis.com/compute/v1/projects/wso2telcoubeexpansion/global/firewalls/wso2telcoubeexpansion-monitoring",
                            "source_ranges.#": "1",
                            "source_ranges.1080289494": "0.0.0.0/0",
                            "source_service_accounts.#": "0",
                            "source_tags.#": "0",
                            "target_service_accounts.#": "0",
                            "target_tags.#": "0"
                        },
                        "meta": {
                            "schema_version": "1"
                        },
                        "tainted": false
                    },
                    "deposed": [],
                    "provider": "provider.google"
                },
                "google_compute_firewall.nginx": {
                    "type": "google_compute_firewall",
                    "depends_on": [
                        "google_compute_network.platform"
                    ],
                    "primary": {
                        "id": "wso2telcoubeexpansion-nginx",
                        "attributes": {
                            "allow.#": "2",
                            "allow.1367131964.ports.#": "0",
                            "allow.1367131964.protocol": "icmp",
                            "allow.4110674909.ports.#": "3",
                            "allow.4110674909.ports.0": "22",
                            "allow.4110674909.ports.1": "80",
                            "allow.4110674909.ports.2": "9200",
                            "allow.4110674909.protocol": "tcp",
                            "deny.#": "0",
                            "description": "",
                            "destination_ranges.#": "0",
                            "direction": "INGRESS",
                            "id": "wso2telcoubeexpansion-nginx",
                            "name": "wso2telcoubeexpansion-nginx",
                            "network": "https://www.googleapis.com/compute/v1/projects/wso2telcoubeexpansion/global/networks/wso2telcoubeexpansion",
                            "priority": "1000",
                            "project": "wso2telcoubeexpansion",
                            "self_link": "https://www.googleapis.com/compute/v1/projects/wso2telcoubeexpansion/global/firewalls/wso2telcoubeexpansion-nginx",
                            "source_ranges.#": "1",
                            "source_ranges.1080289494": "0.0.0.0/0",
                            "source_service_accounts.#": "0",
                            "source_tags.#": "0",
                            "target_service_accounts.#": "0",
                            "target_tags.#": "0"
                        },
                        "meta": {
                            "schema_version": "1"
                        },
                        "tainted": false
                    },
                    "deposed": [],
                    "provider": "provider.google"
                },
                "google_compute_firewall.ssh": {
                    "type": "google_compute_firewall",
                    "depends_on": [
                        "google_compute_network.platform"
                    ],
                    "primary": {
                        "id": "wso2telcoubeexpansion-ssh",
                        "attributes": {
                            "allow.#": "2",
                            "allow.1367131964.ports.#": "0",
                            "allow.1367131964.protocol": "icmp",
                            "allow.827249178.ports.#": "3",
                            "allow.827249178.ports.0": "22",
                            "allow.827249178.ports.1": "80",
                            "allow.827249178.ports.2": "443",
                            "allow.827249178.protocol": "tcp",
                            "deny.#": "0",
                            "description": "",
                            "destination_ranges.#": "0",
                            "direction": "INGRESS",
                            "id": "wso2telcoubeexpansion-ssh",
                            "name": "wso2telcoubeexpansion-ssh",
                            "network": "https://www.googleapis.com/compute/v1/projects/wso2telcoubeexpansion/global/networks/wso2telcoubeexpansion",
                            "priority": "1000",
                            "project": "wso2telcoubeexpansion",
                            "self_link": "https://www.googleapis.com/compute/v1/projects/wso2telcoubeexpansion/global/firewalls/wso2telcoubeexpansion-ssh",
                            "source_ranges.#": "1",
                            "source_ranges.1080289494": "0.0.0.0/0",
                            "source_service_accounts.#": "0",
                            "source_tags.#": "0",
                            "target_service_accounts.#": "0",
                            "target_tags.#": "0"
                        },
                        "meta": {
                            "schema_version": "1"
                        },
                        "tainted": false
                    },
                    "deposed": [],
                    "provider": "provider.google"
                },
                "google_compute_instance.bastion": {
                    "type": "google_compute_instance",
                    "depends_on": [
                        "google_compute_network.platform"
                    ],
                    "primary": {
                        "id": "bastion",
                        "attributes": {
                            "attached_disk.#": "0",
                            "boot_disk.#": "1",
                            "boot_disk.0.auto_delete": "true",
                            "boot_disk.0.device_name": "persistent-disk-0",
                            "boot_disk.0.disk_encryption_key_raw": "",
                            "boot_disk.0.disk_encryption_key_sha256": "",
                            "boot_disk.0.initialize_params.#": "1",
                            "boot_disk.0.initialize_params.0.image": "https://www.googleapis.com/compute/v1/projects/ubuntu-os-cloud/global/images/ubuntu-1604-xenial-v20180126",
                            "boot_disk.0.initialize_params.0.size": "10",
                            "boot_disk.0.initialize_params.0.type": "pd-standard",
                            "boot_disk.0.source": "https://www.googleapis.com/compute/v1/projects/wso2telcoubeexpansion/zones/us-west1-a/disks/bastion",
                            "can_ip_forward": "false",
                            "cpu_platform": "Intel Broadwell",
                            "create_timeout": "4",
                            "guest_accelerator.#": "0",
                            "id": "bastion",
                            "instance_id": "928350607663969092",
                            "label_fingerprint": "42WmSpB8rSM=",
                            "machine_type": "f1-micro",
                            "metadata.%": "1",
                            "metadata.product": "bastion",
                            "metadata_fingerprint": "vcdx-nUzJhw=",
                            "metadata_startup_script": "echo info@wso2telco.com \u003e /test.txt",
                            "min_cpu_platform": "",
                            "name": "bastion",
                            "network_interface.#": "1",
                            "network_interface.0.access_config.#": "1",
                            "network_interface.0.access_config.0.assigned_nat_ip": "35.203.177.37",
                            "network_interface.0.access_config.0.nat_ip": "35.203.177.37",
                            "network_interface.0.address": "10.138.0.2",
                            "network_interface.0.alias_ip_range.#": "0",
                            "network_interface.0.name": "nic0",
                            "network_interface.0.network": "https://www.googleapis.com/compute/v1/projects/wso2telcoubeexpansion/global/networks/wso2telcoubeexpansion",
                            "network_interface.0.network_ip": "10.138.0.2",
                            "network_interface.0.subnetwork": "https://www.googleapis.com/compute/v1/projects/wso2telcoubeexpansion/regions/us-west1/subnetworks/wso2telcoubeexpansion",
                            "network_interface.0.subnetwork_project": "wso2telcoubeexpansion",
                            "project": "wso2telcoubeexpansion",
                            "scheduling.#": "1",
                            "scheduling.0.automatic_restart": "true",
                            "scheduling.0.on_host_maintenance": "MIGRATE",
                            "scheduling.0.preemptible": "false",
                            "scratch_disk.#": "0",
                            "self_link": "https://www.googleapis.com/compute/v1/projects/wso2telcoubeexpansion/zones/us-west1-a/instances/bastion",
                            "service_account.#": "1",
                            "service_account.0.email": "703279159190-compute@developer.gserviceaccount.com",
                            "service_account.0.scopes.#": "3",
                            "service_account.0.scopes.1632638332": "https://www.googleapis.com/auth/devstorage.read_only",
                            "service_account.0.scopes.2428168921": "https://www.googleapis.com/auth/userinfo.email",
                            "service_account.0.scopes.2862113455": "https://www.googleapis.com/auth/compute.readonly",
                            "tags.#": "1",
                            "tags.397096961": "bastion",
                            "tags_fingerprint": "NfTTNVh6sLU=",
                            "zone": "us-west1-a"
                        },
                        "meta": {
                            "e2bfb730-ecaa-11e6-8f88-34363bc7c4c0": {
                                "create": 360000000000,
                                "delete": 360000000000,
                                "update": 360000000000
                            },
                            "schema_version": "6"
                        },
                        "tainted": false
                    },
                    "deposed": [],
                    "provider": "provider.google"
                },
                "google_compute_instance.dockerregistry": {
                    "type": "google_compute_instance",
                    "depends_on": [
                        "google_compute_network.platform"
                    ],
                    "primary": {
                        "id": "dockerregistry",
                        "attributes": {
                            "attached_disk.#": "0",
                            "boot_disk.#": "1",
                            "boot_disk.0.auto_delete": "true",
                            "boot_disk.0.device_name": "persistent-disk-0",
                            "boot_disk.0.disk_encryption_key_raw": "",
                            "boot_disk.0.disk_encryption_key_sha256": "",
                            "boot_disk.0.initialize_params.#": "1",
                            "boot_disk.0.initialize_params.0.image": "https://www.googleapis.com/compute/v1/projects/ubuntu-os-cloud/global/images/ubuntu-1604-xenial-v20180126",
                            "boot_disk.0.initialize_params.0.size": "10",
                            "boot_disk.0.initialize_params.0.type": "pd-standard",
                            "boot_disk.0.source": "https://www.googleapis.com/compute/v1/projects/wso2telcoubeexpansion/zones/us-west1-a/disks/dockerregistry",
                            "can_ip_forward": "false",
                            "cpu_platform": "Intel Broadwell",
                            "create_timeout": "4",
                            "guest_accelerator.#": "0",
                            "id": "dockerregistry",
                            "instance_id": "4864002013422433092",
                            "label_fingerprint": "42WmSpB8rSM=",
                            "machine_type": "f1-micro",
                            "metadata.%": "1",
                            "metadata.product": "dockerregistry",
                            "metadata_fingerprint": "-tVO_FXxKoA=",
                            "metadata_startup_script": "echo info@wso2telco.com \u003e /test.txt \u0026\u0026 apt install docker \u0026\u0026 docker run -d -p 5000:5000 --restart=always --name registry  -e REGISTRY_STORAGE_DELETE_ENABLED=true registry:2.3.1",
                            "min_cpu_platform": "",
                            "name": "dockerregistry",
                            "network_interface.#": "1",
                            "network_interface.0.access_config.#": "1",
                            "network_interface.0.access_config.0.assigned_nat_ip": "35.227.165.116",
                            "network_interface.0.access_config.0.nat_ip": "35.227.165.116",
                            "network_interface.0.address": "10.138.0.3",
                            "network_interface.0.alias_ip_range.#": "0",
                            "network_interface.0.name": "nic0",
                            "network_interface.0.network": "https://www.googleapis.com/compute/v1/projects/wso2telcoubeexpansion/global/networks/wso2telcoubeexpansion",
                            "network_interface.0.network_ip": "10.138.0.3",
                            "network_interface.0.subnetwork": "https://www.googleapis.com/compute/v1/projects/wso2telcoubeexpansion/regions/us-west1/subnetworks/wso2telcoubeexpansion",
                            "network_interface.0.subnetwork_project": "wso2telcoubeexpansion",
                            "project": "wso2telcoubeexpansion",
                            "scheduling.#": "1",
                            "scheduling.0.automatic_restart": "true",
                            "scheduling.0.on_host_maintenance": "MIGRATE",
                            "scheduling.0.preemptible": "false",
                            "scratch_disk.#": "0",
                            "self_link": "https://www.googleapis.com/compute/v1/projects/wso2telcoubeexpansion/zones/us-west1-a/instances/dockerregistry",
                            "service_account.#": "1",
                            "service_account.0.email": "703279159190-compute@developer.gserviceaccount.com",
                            "service_account.0.scopes.#": "3",
                            "service_account.0.scopes.1632638332": "https://www.googleapis.com/auth/devstorage.read_only",
                            "service_account.0.scopes.2428168921": "https://www.googleapis.com/auth/userinfo.email",
                            "service_account.0.scopes.2862113455": "https://www.googleapis.com/auth/compute.readonly",
                            "tags.#": "1",
                            "tags.6373150": "dockerregistry",
                            "tags_fingerprint": "DF4YglVOk8I=",
                            "zone": "us-west1-a"
                        },
                        "meta": {
                            "e2bfb730-ecaa-11e6-8f88-34363bc7c4c0": {
                                "create": 360000000000,
                                "delete": 360000000000,
                                "update": 360000000000
                            },
                            "schema_version": "6"
                        },
                        "tainted": false
                    },
                    "deposed": [],
                    "provider": "provider.google"
                },
                "google_compute_instance.monitoring1": {
                    "type": "google_compute_instance",
                    "depends_on": [
                        "google_compute_network.platform"
                    ],
                    "primary": {
                        "id": "monitoring1",
                        "attributes": {
                            "attached_disk.#": "0",
                            "boot_disk.#": "1",
                            "boot_disk.0.auto_delete": "true",
                            "boot_disk.0.device_name": "persistent-disk-0",
                            "boot_disk.0.disk_encryption_key_raw": "",
                            "boot_disk.0.disk_encryption_key_sha256": "",
                            "boot_disk.0.initialize_params.#": "1",
                            "boot_disk.0.initialize_params.0.image": "https://www.googleapis.com/compute/v1/projects/ubuntu-os-cloud/global/images/ubuntu-1604-xenial-v20180126",
                            "boot_disk.0.initialize_params.0.size": "10",
                            "boot_disk.0.initialize_params.0.type": "pd-standard",
                            "boot_disk.0.source": "https://www.googleapis.com/compute/v1/projects/wso2telcoubeexpansion/zones/us-west1-a/disks/monitoring1",
                            "can_ip_forward": "false",
                            "cpu_platform": "Intel Broadwell",
                            "create_timeout": "4",
                            "guest_accelerator.#": "0",
                            "id": "monitoring1",
                            "instance_id": "7331968901209928516",
                            "label_fingerprint": "42WmSpB8rSM=",
                            "machine_type": "f1-micro",
                            "metadata.%": "1",
                            "metadata.product": "monitoring1",
                            "metadata_fingerprint": "jU0VSFgMFZQ=",
                            "metadata_startup_script": "echo hi \u003e /test.txt",
                            "min_cpu_platform": "",
                            "name": "monitoring1",
                            "network_interface.#": "1",
                            "network_interface.0.access_config.#": "1",
                            "network_interface.0.access_config.0.assigned_nat_ip": "35.203.163.82",
                            "network_interface.0.access_config.0.nat_ip": "35.203.163.82",
                            "network_interface.0.address": "10.138.0.4",
                            "network_interface.0.alias_ip_range.#": "0",
                            "network_interface.0.name": "nic0",
                            "network_interface.0.network": "https://www.googleapis.com/compute/v1/projects/wso2telcoubeexpansion/global/networks/wso2telcoubeexpansion",
                            "network_interface.0.network_ip": "10.138.0.4",
                            "network_interface.0.subnetwork": "https://www.googleapis.com/compute/v1/projects/wso2telcoubeexpansion/regions/us-west1/subnetworks/wso2telcoubeexpansion",
                            "network_interface.0.subnetwork_project": "wso2telcoubeexpansion",
                            "project": "wso2telcoubeexpansion",
                            "scheduling.#": "1",
                            "scheduling.0.automatic_restart": "true",
                            "scheduling.0.on_host_maintenance": "MIGRATE",
                            "scheduling.0.preemptible": "false",
                            "scratch_disk.#": "0",
                            "self_link": "https://www.googleapis.com/compute/v1/projects/wso2telcoubeexpansion/zones/us-west1-a/instances/monitoring1",
                            "service_account.#": "1",
                            "service_account.0.email": "703279159190-compute@developer.gserviceaccount.com",
                            "service_account.0.scopes.#": "3",
                            "service_account.0.scopes.1632638332": "https://www.googleapis.com/auth/devstorage.read_only",
                            "service_account.0.scopes.2428168921": "https://www.googleapis.com/auth/userinfo.email",
                            "service_account.0.scopes.2862113455": "https://www.googleapis.com/auth/compute.readonly",
                            "tags.#": "1",
                            "tags.91603086": "das",
                            "tags_fingerprint": "TrTu3pngEFY=",
                            "zone": "us-west1-a"
                        },
                        "meta": {
                            "e2bfb730-ecaa-11e6-8f88-34363bc7c4c0": {
                                "create": 360000000000,
                                "delete": 360000000000,
                                "update": 360000000000
                            },
                            "schema_version": "6"
                        },
                        "tainted": false
                    },
                    "deposed": [],
                    "provider": "provider.google"
                },
                "google_compute_instance.monitoring2": {
                    "type": "google_compute_instance",
                    "depends_on": [],
                    "primary": {
                        "id": "monitoring2",
                        "attributes": {
                            "attached_disk.#": "0",
                            "boot_disk.#": "1",
                            "boot_disk.0.auto_delete": "true",
                            "boot_disk.0.device_name": "persistent-disk-0",
                            "boot_disk.0.disk_encryption_key_raw": "",
                            "boot_disk.0.disk_encryption_key_sha256": "",
                            "boot_disk.0.initialize_params.#": "1",
                            "boot_disk.0.initialize_params.0.image": "https://www.googleapis.com/compute/v1/projects/ubuntu-os-cloud/global/images/ubuntu-1604-xenial-v20180126",
                            "boot_disk.0.initialize_params.0.size": "10",
                            "boot_disk.0.initialize_params.0.type": "pd-standard",
                            "boot_disk.0.source": "https://www.googleapis.com/compute/v1/projects/wso2telcoubeexpansion/zones/us-west1-a/disks/monitoring2",
                            "can_ip_forward": "false",
                            "cpu_platform": "Intel Broadwell",
                            "create_timeout": "4",
                            "guest_accelerator.#": "0",
                            "id": "monitoring2",
                            "instance_id": "3904489487519200148",
                            "label_fingerprint": "42WmSpB8rSM=",
                            "machine_type": "f1-micro",
                            "metadata.%": "1",
                            "metadata.product": "monitoring2",
                            "metadata_fingerprint": "E_MZeF1Ce6M=",
                            "metadata_startup_script": "echo hi \u003e /test1.txt",
                            "min_cpu_platform": "",
                            "name": "monitoring2",
                            "network_interface.#": "1",
                            "network_interface.0.access_config.#": "1",
                            "network_interface.0.access_config.0.assigned_nat_ip": "35.185.216.163",
                            "network_interface.0.access_config.0.nat_ip": "35.185.216.163",
                            "network_interface.0.address": "10.138.0.2",
                            "network_interface.0.alias_ip_range.#": "0",
                            "network_interface.0.name": "nic0",
                            "network_interface.0.network": "https://www.googleapis.com/compute/v1/projects/wso2telcoubeexpansion/global/networks/default",
                            "network_interface.0.network_ip": "10.138.0.2",
                            "network_interface.0.subnetwork": "https://www.googleapis.com/compute/v1/projects/wso2telcoubeexpansion/regions/us-west1/subnetworks/default",
                            "network_interface.0.subnetwork_project": "wso2telcoubeexpansion",
                            "project": "wso2telcoubeexpansion",
                            "scheduling.#": "1",
                            "scheduling.0.automatic_restart": "true",
                            "scheduling.0.on_host_maintenance": "MIGRATE",
                            "scheduling.0.preemptible": "false",
                            "scratch_disk.#": "0",
                            "self_link": "https://www.googleapis.com/compute/v1/projects/wso2telcoubeexpansion/zones/us-west1-a/instances/monitoring2",
                            "service_account.#": "1",
                            "service_account.0.email": "703279159190-compute@developer.gserviceaccount.com",
                            "service_account.0.scopes.#": "3",
                            "service_account.0.scopes.1632638332": "https://www.googleapis.com/auth/devstorage.read_only",
                            "service_account.0.scopes.2428168921": "https://www.googleapis.com/auth/userinfo.email",
                            "service_account.0.scopes.2862113455": "https://www.googleapis.com/auth/compute.readonly",
                            "tags.#": "1",
                            "tags.91603086": "das",
                            "tags_fingerprint": "TrTu3pngEFY=",
                            "zone": "us-west1-a"
                        },
                        "meta": {
                            "e2bfb730-ecaa-11e6-8f88-34363bc7c4c0": {
                                "create": 360000000000,
                                "delete": 360000000000,
                                "update": 360000000000
                            },
                            "schema_version": "6"
                        },
                        "tainted": false
                    },
                    "deposed": [],
                    "provider": "provider.google"
                },
                "google_compute_instance.puppetmaster": {
                    "type": "google_compute_instance",
                    "depends_on": [
                        "google_compute_network.platform"
                    ],
                    "primary": {
                        "id": "puppetmaster",
                        "attributes": {
                            "attached_disk.#": "0",
                            "boot_disk.#": "1",
                            "boot_disk.0.auto_delete": "true",
                            "boot_disk.0.device_name": "persistent-disk-0",
                            "boot_disk.0.disk_encryption_key_raw": "",
                            "boot_disk.0.disk_encryption_key_sha256": "",
                            "boot_disk.0.initialize_params.#": "1",
                            "boot_disk.0.initialize_params.0.image": "https://www.googleapis.com/compute/v1/projects/ubuntu-os-cloud/global/images/ubuntu-1604-xenial-v20180126",
                            "boot_disk.0.initialize_params.0.size": "10",
                            "boot_disk.0.initialize_params.0.type": "pd-standard",
                            "boot_disk.0.source": "https://www.googleapis.com/compute/v1/projects/wso2telcoubeexpansion/zones/us-west1-a/disks/puppetmaster",
                            "can_ip_forward": "false",
                            "cpu_platform": "Intel Broadwell",
                            "create_timeout": "4",
                            "guest_accelerator.#": "0",
                            "id": "puppetmaster",
                            "instance_id": "566050088813867844",
                            "label_fingerprint": "42WmSpB8rSM=",
                            "machine_type": "f1-micro",
                            "metadata.%": "1",
                            "metadata.product": "puppetmaster",
                            "metadata_fingerprint": "qqjmgDMQ0v8=",
                            "metadata_startup_script": "echo info@wso2telco.com \u003e /test.txt",
                            "min_cpu_platform": "",
                            "name": "puppetmaster",
                            "network_interface.#": "1",
                            "network_interface.0.access_config.#": "1",
                            "network_interface.0.access_config.0.assigned_nat_ip": "35.197.20.84",
                            "network_interface.0.access_config.0.nat_ip": "35.197.20.84",
                            "network_interface.0.address": "10.138.0.5",
                            "network_interface.0.alias_ip_range.#": "0",
                            "network_interface.0.name": "nic0",
                            "network_interface.0.network": "https://www.googleapis.com/compute/v1/projects/wso2telcoubeexpansion/global/networks/wso2telcoubeexpansion",
                            "network_interface.0.network_ip": "10.138.0.5",
                            "network_interface.0.subnetwork": "https://www.googleapis.com/compute/v1/projects/wso2telcoubeexpansion/regions/us-west1/subnetworks/wso2telcoubeexpansion",
                            "network_interface.0.subnetwork_project": "wso2telcoubeexpansion",
                            "project": "wso2telcoubeexpansion",
                            "scheduling.#": "1",
                            "scheduling.0.automatic_restart": "true",
                            "scheduling.0.on_host_maintenance": "MIGRATE",
                            "scheduling.0.preemptible": "false",
                            "scratch_disk.#": "0",
                            "self_link": "https://www.googleapis.com/compute/v1/projects/wso2telcoubeexpansion/zones/us-west1-a/instances/puppetmaster",
                            "service_account.#": "1",
                            "service_account.0.email": "703279159190-compute@developer.gserviceaccount.com",
                            "service_account.0.scopes.#": "3",
                            "service_account.0.scopes.1632638332": "https://www.googleapis.com/auth/devstorage.read_only",
                            "service_account.0.scopes.2428168921": "https://www.googleapis.com/auth/userinfo.email",
                            "service_account.0.scopes.2862113455": "https://www.googleapis.com/auth/compute.readonly",
                            "tags.#": "1",
                            "tags.3404179445": "puppetmaster",
                            "tags_fingerprint": "7v_Sr76R4-Q=",
                            "zone": "us-west1-a"
                        },
                        "meta": {
                            "e2bfb730-ecaa-11e6-8f88-34363bc7c4c0": {
                                "create": 360000000000,
                                "delete": 360000000000,
                                "update": 360000000000
                            },
                            "schema_version": "6"
                        },
                        "tainted": false
                    },
                    "deposed": [],
                    "provider": "provider.google"
                },
                "google_compute_instance.wso2telcoanalytics01": {
                    "type": "google_compute_instance",
                    "depends_on": [
                        "google_compute_network.platform"
                    ],
                    "primary": {
                        "id": "wso2telcoanalytics01",
                        "attributes": {
                            "attached_disk.#": "0",
                            "boot_disk.#": "1",
                            "boot_disk.0.auto_delete": "true",
                            "boot_disk.0.device_name": "persistent-disk-0",
                            "boot_disk.0.disk_encryption_key_raw": "",
                            "boot_disk.0.disk_encryption_key_sha256": "",
                            "boot_disk.0.initialize_params.#": "1",
                            "boot_disk.0.initialize_params.0.image": "https://www.googleapis.com/compute/v1/projects/ubuntu-os-cloud/global/images/ubuntu-1604-xenial-v20180126",
                            "boot_disk.0.initialize_params.0.size": "10",
                            "boot_disk.0.initialize_params.0.type": "pd-standard",
                            "boot_disk.0.source": "https://www.googleapis.com/compute/v1/projects/wso2telcoubeexpansion/zones/us-west1-a/disks/wso2telcoanalytics01",
                            "can_ip_forward": "false",
                            "cpu_platform": "Intel Broadwell",
                            "create_timeout": "4",
                            "guest_accelerator.#": "0",
                            "id": "wso2telcoanalytics01",
                            "instance_id": "4257511043058905924",
                            "label_fingerprint": "42WmSpB8rSM=",
                            "machine_type": "f1-micro",
                            "metadata.%": "1",
                            "metadata.product": "das",
                            "metadata_fingerprint": "lz2NamJSdwY=",
                            "metadata_startup_script": "echo hi \u003e /test.txt",
                            "min_cpu_platform": "",
                            "name": "wso2telcoanalytics01",
                            "network_interface.#": "1",
                            "network_interface.0.access_config.#": "1",
                            "network_interface.0.access_config.0.assigned_nat_ip": "35.199.167.0",
                            "network_interface.0.access_config.0.nat_ip": "35.199.167.0",
                            "network_interface.0.address": "10.138.0.6",
                            "network_interface.0.alias_ip_range.#": "0",
                            "network_interface.0.name": "nic0",
                            "network_interface.0.network": "https://www.googleapis.com/compute/v1/projects/wso2telcoubeexpansion/global/networks/wso2telcoubeexpansion",
                            "network_interface.0.network_ip": "10.138.0.6",
                            "network_interface.0.subnetwork": "https://www.googleapis.com/compute/v1/projects/wso2telcoubeexpansion/regions/us-west1/subnetworks/wso2telcoubeexpansion",
                            "network_interface.0.subnetwork_project": "wso2telcoubeexpansion",
                            "project": "wso2telcoubeexpansion",
                            "scheduling.#": "1",
                            "scheduling.0.automatic_restart": "true",
                            "scheduling.0.on_host_maintenance": "MIGRATE",
                            "scheduling.0.preemptible": "false",
                            "scratch_disk.#": "0",
                            "self_link": "https://www.googleapis.com/compute/v1/projects/wso2telcoubeexpansion/zones/us-west1-a/instances/wso2telcoanalytics01",
                            "service_account.#": "1",
                            "service_account.0.email": "703279159190-compute@developer.gserviceaccount.com",
                            "service_account.0.scopes.#": "3",
                            "service_account.0.scopes.1632638332": "https://www.googleapis.com/auth/devstorage.read_only",
                            "service_account.0.scopes.2428168921": "https://www.googleapis.com/auth/userinfo.email",
                            "service_account.0.scopes.2862113455": "https://www.googleapis.com/auth/compute.readonly",
                            "tags.#": "1",
                            "tags.91603086": "das",
                            "tags_fingerprint": "TrTu3pngEFY=",
                            "zone": "us-west1-a"
                        },
                        "meta": {
                            "e2bfb730-ecaa-11e6-8f88-34363bc7c4c0": {
                                "create": 360000000000,
                                "delete": 360000000000,
                                "update": 360000000000
                            },
                            "schema_version": "6"
                        },
                        "tainted": false
                    },
                    "deposed": [],
                    "provider": "provider.google"
                },
                "google_compute_instance.wso2telcoanalytics02": {
                    "type": "google_compute_instance",
                    "depends_on": [],
                    "primary": {
                        "id": "wso2telcoanalytics02",
                        "attributes": {
                            "attached_disk.#": "0",
                            "boot_disk.#": "1",
                            "boot_disk.0.auto_delete": "true",
                            "boot_disk.0.device_name": "persistent-disk-0",
                            "boot_disk.0.disk_encryption_key_raw": "",
                            "boot_disk.0.disk_encryption_key_sha256": "",
                            "boot_disk.0.initialize_params.#": "1",
                            "boot_disk.0.initialize_params.0.image": "https://www.googleapis.com/compute/v1/projects/ubuntu-os-cloud/global/images/ubuntu-1604-xenial-v20180126",
                            "boot_disk.0.initialize_params.0.size": "10",
                            "boot_disk.0.initialize_params.0.type": "pd-standard",
                            "boot_disk.0.source": "https://www.googleapis.com/compute/v1/projects/wso2telcoubeexpansion/zones/us-west1-a/disks/wso2telcoanalytics02",
                            "can_ip_forward": "false",
                            "cpu_platform": "Intel Broadwell",
                            "create_timeout": "4",
                            "guest_accelerator.#": "0",
                            "id": "wso2telcoanalytics02",
                            "instance_id": "2468910167913411476",
                            "label_fingerprint": "42WmSpB8rSM=",
                            "machine_type": "f1-micro",
                            "metadata.%": "1",
                            "metadata.product": "das",
                            "metadata_fingerprint": "d0792WJI3Hg=",
                            "metadata_startup_script": "echo hi \u003e /test1.txt",
                            "min_cpu_platform": "",
                            "name": "wso2telcoanalytics02",
                            "network_interface.#": "1",
                            "network_interface.0.access_config.#": "1",
                            "network_interface.0.access_config.0.assigned_nat_ip": "104.196.230.195",
                            "network_interface.0.access_config.0.nat_ip": "104.196.230.195",
                            "network_interface.0.address": "10.138.0.3",
                            "network_interface.0.alias_ip_range.#": "0",
                            "network_interface.0.name": "nic0",
                            "network_interface.0.network": "https://www.googleapis.com/compute/v1/projects/wso2telcoubeexpansion/global/networks/default",
                            "network_interface.0.network_ip": "10.138.0.3",
                            "network_interface.0.subnetwork": "https://www.googleapis.com/compute/v1/projects/wso2telcoubeexpansion/regions/us-west1/subnetworks/default",
                            "network_interface.0.subnetwork_project": "wso2telcoubeexpansion",
                            "project": "wso2telcoubeexpansion",
                            "scheduling.#": "1",
                            "scheduling.0.automatic_restart": "true",
                            "scheduling.0.on_host_maintenance": "MIGRATE",
                            "scheduling.0.preemptible": "false",
                            "scratch_disk.#": "0",
                            "self_link": "https://www.googleapis.com/compute/v1/projects/wso2telcoubeexpansion/zones/us-west1-a/instances/wso2telcoanalytics02",
                            "service_account.#": "1",
                            "service_account.0.email": "703279159190-compute@developer.gserviceaccount.com",
                            "service_account.0.scopes.#": "3",
                            "service_account.0.scopes.1632638332": "https://www.googleapis.com/auth/devstorage.read_only",
                            "service_account.0.scopes.2428168921": "https://www.googleapis.com/auth/userinfo.email",
                            "service_account.0.scopes.2862113455": "https://www.googleapis.com/auth/compute.readonly",
                            "tags.#": "1",
                            "tags.91603086": "das",
                            "tags_fingerprint": "TrTu3pngEFY=",
                            "zone": "us-west1-a"
                        },
                        "meta": {
                            "e2bfb730-ecaa-11e6-8f88-34363bc7c4c0": {
                                "create": 360000000000,
                                "delete": 360000000000,
                                "update": 360000000000
                            },
                            "schema_version": "6"
                        },
                        "tainted": false
                    },
                    "deposed": [],
                    "provider": "provider.google"
                },
                "google_compute_network.platform": {
                    "type": "google_compute_network",
                    "depends_on": [],
                    "primary": {
                        "id": "wso2telcoubeexpansion",
                        "attributes": {
                            "auto_create_subnetworks": "true",
                            "description": "",
                            "gateway_ipv4": "",
                            "id": "wso2telcoubeexpansion",
                            "ipv4_range": "",
                            "name": "wso2telcoubeexpansion",
                            "project": "wso2telcoubeexpansion",
                            "routing_mode": "REGIONAL",
                            "self_link": "https://www.googleapis.com/compute/v1/projects/wso2telcoubeexpansion/global/networks/wso2telcoubeexpansion"
                        },
                        "meta": {},
                        "tainted": false
                    },
                    "deposed": [],
                    "provider": "provider.google"
                },
                "google_compute_subnetwork.dev": {
                    "type": "google_compute_subnetwork",
                    "depends_on": [
                        "google_compute_network.platform"
                    ],
                    "primary": {
                        "id": "us-west1/dev-wso2telcoubeexpansion-us-west1",
                        "attributes": {
                            "description": "",
                            "gateway_address": "10.1.2.1",
                            "id": "us-west1/dev-wso2telcoubeexpansion-us-west1",
                            "ip_cidr_range": "10.1.2.0/24",
                            "name": "dev-wso2telcoubeexpansion-us-west1",
                            "network": "https://www.googleapis.com/compute/v1/projects/wso2telcoubeexpansion/global/networks/wso2telcoubeexpansion",
                            "private_ip_google_access": "false",
                            "project": "wso2telcoubeexpansion",
                            "region": "us-west1",
                            "secondary_ip_range.#": "0",
                            "self_link": "https://www.googleapis.com/compute/v1/projects/wso2telcoubeexpansion/regions/us-west1/subnetworks/dev-wso2telcoubeexpansion-us-west1"
                        },
                        "meta": {
                            "e2bfb730-ecaa-11e6-8f88-34363bc7c4c0": {
                                "create": 360000000000,
                                "delete": 360000000000,
                                "update": 360000000000
                            }
                        },
                        "tainted": false
                    },
                    "deposed": [],
                    "provider": "provider.google"
                },
                "google_storage_bucket.log_bucket": {
                    "type": "google_storage_bucket",
                    "depends_on": [],
                    "primary": {
                        "id": "log-store-bucket",
                        "attributes": {
                            "cors.#": "0",
                            "force_destroy": "false",
                            "id": "log-store-bucket",
                            "labels.%": "0",
                            "lifecycle_rule.#": "0",
                            "location": "EU",
                            "name": "log-store-bucket",
                            "project": "wso2telcoubeexpansion",
                            "self_link": "https://www.googleapis.com/storage/v1/b/log-store-bucket",
                            "storage_class": "STANDARD",
                            "url": "gs://log-store-bucket",
                            "versioning.#": "0"
                        },
                        "meta": {},
                        "tainted": false
                    },
                    "deposed": [],
                    "provider": "provider.google"
                }
            },
            "depends_on": []
        }
    ]
}
